
Microsoft Visual Studio Solution File, Format Version 12.00
# Visual Studio 15
Project("{FAE04EC0-301F-11D3-BF4B-00C04F79EFBC}") = "Assembly-CSharp-Editor", "Assembly-CSharp-Editor.csproj", "{C24AA393-2C34-D36D-A868-45CBC40382D1}"
EndProject
Project("{FAE04EC0-301F-11D3-BF4B-00C04F79EFBC}") = "Assembly-CSharp", "Assembly-CSharp.csproj", "{CCE56A38-93D8-9683-C91A-55C12A2E8EE5}"
EndProject
Global
	GlobalSection(SolutionConfigurationPlatforms) = preSolution
		Debug|Any CPU = Debug|Any CPU
		Release|Any CPU = Release|Any CPU
	EndGlobalSection
	GlobalSection(ProjectConfigurationPlatforms) = postSolution
		{C24AA393-2C34-D36D-A868-45CBC40382D1}.Debug|Any CPU.ActiveCfg = Debug|Any CPU
		{C24AA393-2C34-D36D-A868-45CBC40382D1}.Debug|Any CPU.Build.0 = Debug|Any CPU
		{C24AA393-2C34-D36D-A868-45CBC40382D1}.Release|Any CPU.ActiveCfg = Release|Any CPU
		{C24AA393-2C34-D36D-A868-45CBC40382D1}.Release|Any CPU.Build.0 = Release|Any CPU
		{CCE56A38-93D8-9683-C91A-55C12A2E8EE5}.Debug|Any CPU.ActiveCfg = Debug|Any CPU
		{CCE56A38-93D8-9683-C91A-55C12A2E8EE5}.Debug|Any CPU.Build.0 = Debug|Any CPU
		{CCE56A38-93D8-9683-C91A-55C12A2E8EE5}.Release|Any CPU.ActiveCfg = Release|Any CPU
		{CCE56A38-93D8-9683-C91A-55C12A2E8EE5}.Release|Any CPU.Build.0 = Release|Any CPU
	EndGlobalSection
	GlobalSection(SolutionProperties) = preSolution
		HideSolutionNode = FALSE
	EndGlobalSection
EndGlobal
